
Microsoft Visual Studio Solution File, Format Version 12.00
# Visual Studio Version 17
VisualStudioVersion = 17.0.31903.59
MinimumVisualStudioVersion = 10.0.40219.1
Project("{2150E333-8FDC-42A3-9474-1A3956D46DE8}") = "src", "src", "{02EA681E-C7D8-13C7-8484-4AC65E1B71E8}"
EndProject
Project("{FAE04EC0-301F-11D3-BF4B-00C04F79EFBC}") = "FileFlower.Sample.Console", "FileFlower.Sample.Console\FileFlower.Sample.Console.csproj", "{B91A74E9-1711-0668-8D6A-03DF21FD4276}"
EndProject
Project("{FAE04EC0-301F-11D3-BF4B-00C04F79EFBC}") = "FileFlower.Sample.Hosted.WebApi", "FileFlower.Sample.Hosted.WebApi\FileFlower.Sample.Hosted.WebApi.csproj", "{FBC0CC0B-52D4-939C-FF81-25E71BADDE57}"
EndProject
Global
	GlobalSection(SolutionConfigurationPlatforms) = preSolution
		Debug|Any CPU = Debug|Any CPU
		Release|Any CPU = Release|Any CPU
	EndGlobalSection
	GlobalSection(ProjectConfigurationPlatforms) = postSolution
		{B91A74E9-1711-0668-8D6A-03DF21FD4276}.Debug|Any CPU.ActiveCfg = Debug|Any CPU
		{B91A74E9-1711-0668-8D6A-03DF21FD4276}.Debug|Any CPU.Build.0 = Debug|Any CPU
		{B91A74E9-1711-0668-8D6A-03DF21FD4276}.Release|Any CPU.ActiveCfg = Release|Any CPU
		{B91A74E9-1711-0668-8D6A-03DF21FD4276}.Release|Any CPU.Build.0 = Release|Any CPU
		{FBC0CC0B-52D4-939C-FF81-25E71BADDE57}.Debug|Any CPU.ActiveCfg = Debug|Any CPU
		{FBC0CC0B-52D4-939C-FF81-25E71BADDE57}.Debug|Any CPU.Build.0 = Debug|Any CPU
		{FBC0CC0B-52D4-939C-FF81-25E71BADDE57}.Release|Any CPU.ActiveCfg = Release|Any CPU
		{FBC0CC0B-52D4-939C-FF81-25E71BADDE57}.Release|Any CPU.Build.0 = Release|Any CPU
	EndGlobalSection
	GlobalSection(SolutionProperties) = preSolution
		HideSolutionNode = FALSE
	EndGlobalSection
	GlobalSection(NestedProjects) = preSolution
		{B91A74E9-1711-0668-8D6A-03DF21FD4276} = {02EA681E-C7D8-13C7-8484-4AC65E1B71E8}
		{FBC0CC0B-52D4-939C-FF81-25E71BADDE57} = {02EA681E-C7D8-13C7-8484-4AC65E1B71E8}
	EndGlobalSection
EndGlobal
