
Microsoft Visual Studio Solution File, Format Version 12.00
# Visual Studio Version 17
VisualStudioVersion = 17.0.31903.59
MinimumVisualStudioVersion = 10.0.40219.1
Project("{FAE04EC0-301F-11D3-BF4B-00C04F79EFBC}") = "FileFlower.Tests", "FileFlower.Tests\FileFlower.Tests.csproj", "{6460B2D9-C929-481C-915E-8F9CBA25F3E2}"
EndProject
Project("{2150E333-8FDC-42A3-9474-1A3956D46DE8}") = "src", "src", "{02EA681E-C7D8-13C7-8484-4AC65E1B71E8}"
EndProject
Project("{FAE04EC0-301F-11D3-BF4B-00C04F79EFBC}") = "FileFlower.Core", "FileFlower.Core\FileFlower.Core.csproj", "{99CDD1E3-292C-B07F-F209-22362247BADD}"
EndProject
Project("{2150E333-8FDC-42A3-9474-1A3956D46DE8}") = "Main", "Main", "{554DFE39-4C56-4AD2-85DC-EF9147785222}"
EndProject
Project("{2150E333-8FDC-42A3-9474-1A3956D46DE8}") = "Samples", "Samples", "{897CC210-A9FE-4921-BF60-670728175EE6}"
EndProject
Project("{FAE04EC0-301F-11D3-BF4B-00C04F79EFBC}") = "FileFlower.DependencyInjection", "FileFlower.DependencyInjection\FileFlower.DependencyInjection.csproj", "{05132B06-F325-4268-8DF2-CCAA829FD373}"
EndProject
Project("{2150E333-8FDC-42A3-9474-1A3956D46DE8}") = "Console", "Console", "{E929BC66-6CE2-46C3-A0A5-44652EFC4ED0}"
EndProject
Project("{2150E333-8FDC-42A3-9474-1A3956D46DE8}") = "Hosted", "Hosted", "{E8D6F731-F312-49F3-9F84-701D4605EE45}"
EndProject
Project("{FAE04EC0-301F-11D3-BF4B-00C04F79EFBC}") = "FileFlower.Sample.Hosted.WebApi", "FileFlower.Sample.Hosted.WebApi\FileFlower.Sample.Hosted.WebApi.csproj", "{69E69DB5-4AF3-45EB-84D3-A19BD845560A}"
EndProject
Project("{FAE04EC0-301F-11D3-BF4B-00C04F79EFBC}") = "FileFlower.Sample.Console", "FileFlower.Sample.Console\FileFlower.Sample.Console.csproj", "{E0D927BD-CE7E-431C-90F5-78C68B183A26}"
EndProject
Project("{2150E333-8FDC-42A3-9474-1A3956D46DE8}") = "package", "package", "{174318F7-F644-43F8-BD8B-14B4DCBB743C}"
	ProjectSection(SolutionItems) = preProject
		FileFlower.Core\CHANGELOG.md = FileFlower.Core\CHANGELOG.md
		FileFlower.DependencyInjection\CHANGELOG.md = FileFlower.DependencyInjection\CHANGELOG.md
		..\Directory.Build.props = ..\Directory.Build.props
		..\Directory.Build.targets = ..\Directory.Build.targets
	EndProjectSection
EndProject
Global
	GlobalSection(SolutionConfigurationPlatforms) = preSolution
		Debug|Any CPU = Debug|Any CPU
		Debug|x64 = Debug|x64
		Debug|x86 = Debug|x86
		Release|Any CPU = Release|Any CPU
		Release|x64 = Release|x64
		Release|x86 = Release|x86
	EndGlobalSection
	GlobalSection(ProjectConfigurationPlatforms) = postSolution
		{6460B2D9-C929-481C-915E-8F9CBA25F3E2}.Debug|Any CPU.ActiveCfg = Debug|Any CPU
		{6460B2D9-C929-481C-915E-8F9CBA25F3E2}.Debug|Any CPU.Build.0 = Debug|Any CPU
		{6460B2D9-C929-481C-915E-8F9CBA25F3E2}.Debug|x64.ActiveCfg = Debug|Any CPU
		{6460B2D9-C929-481C-915E-8F9CBA25F3E2}.Debug|x64.Build.0 = Debug|Any CPU
		{6460B2D9-C929-481C-915E-8F9CBA25F3E2}.Debug|x86.ActiveCfg = Debug|Any CPU
		{6460B2D9-C929-481C-915E-8F9CBA25F3E2}.Debug|x86.Build.0 = Debug|Any CPU
		{6460B2D9-C929-481C-915E-8F9CBA25F3E2}.Release|Any CPU.ActiveCfg = Release|Any CPU
		{6460B2D9-C929-481C-915E-8F9CBA25F3E2}.Release|Any CPU.Build.0 = Release|Any CPU
		{6460B2D9-C929-481C-915E-8F9CBA25F3E2}.Release|x64.ActiveCfg = Release|Any CPU
		{6460B2D9-C929-481C-915E-8F9CBA25F3E2}.Release|x64.Build.0 = Release|Any CPU
		{6460B2D9-C929-481C-915E-8F9CBA25F3E2}.Release|x86.ActiveCfg = Release|Any CPU
		{6460B2D9-C929-481C-915E-8F9CBA25F3E2}.Release|x86.Build.0 = Release|Any CPU
		{99CDD1E3-292C-B07F-F209-22362247BADD}.Debug|Any CPU.ActiveCfg = Debug|Any CPU
		{99CDD1E3-292C-B07F-F209-22362247BADD}.Debug|Any CPU.Build.0 = Debug|Any CPU
		{99CDD1E3-292C-B07F-F209-22362247BADD}.Debug|x64.ActiveCfg = Debug|Any CPU
		{99CDD1E3-292C-B07F-F209-22362247BADD}.Debug|x64.Build.0 = Debug|Any CPU
		{99CDD1E3-292C-B07F-F209-22362247BADD}.Debug|x86.ActiveCfg = Debug|Any CPU
		{99CDD1E3-292C-B07F-F209-22362247BADD}.Debug|x86.Build.0 = Debug|Any CPU
		{99CDD1E3-292C-B07F-F209-22362247BADD}.Release|Any CPU.ActiveCfg = Release|Any CPU
		{99CDD1E3-292C-B07F-F209-22362247BADD}.Release|Any CPU.Build.0 = Release|Any CPU
		{99CDD1E3-292C-B07F-F209-22362247BADD}.Release|x64.ActiveCfg = Release|Any CPU
		{99CDD1E3-292C-B07F-F209-22362247BADD}.Release|x64.Build.0 = Release|Any CPU
		{99CDD1E3-292C-B07F-F209-22362247BADD}.Release|x86.ActiveCfg = Release|Any CPU
		{99CDD1E3-292C-B07F-F209-22362247BADD}.Release|x86.Build.0 = Release|Any CPU
		{05132B06-F325-4268-8DF2-CCAA829FD373}.Debug|Any CPU.ActiveCfg = Debug|Any CPU
		{05132B06-F325-4268-8DF2-CCAA829FD373}.Debug|Any CPU.Build.0 = Debug|Any CPU
		{05132B06-F325-4268-8DF2-CCAA829FD373}.Debug|x64.ActiveCfg = Debug|Any CPU
		{05132B06-F325-4268-8DF2-CCAA829FD373}.Debug|x64.Build.0 = Debug|Any CPU
		{05132B06-F325-4268-8DF2-CCAA829FD373}.Debug|x86.ActiveCfg = Debug|Any CPU
		{05132B06-F325-4268-8DF2-CCAA829FD373}.Debug|x86.Build.0 = Debug|Any CPU
		{05132B06-F325-4268-8DF2-CCAA829FD373}.Release|Any CPU.ActiveCfg = Release|Any CPU
		{05132B06-F325-4268-8DF2-CCAA829FD373}.Release|Any CPU.Build.0 = Release|Any CPU
		{05132B06-F325-4268-8DF2-CCAA829FD373}.Release|x64.ActiveCfg = Release|Any CPU
		{05132B06-F325-4268-8DF2-CCAA829FD373}.Release|x64.Build.0 = Release|Any CPU
		{05132B06-F325-4268-8DF2-CCAA829FD373}.Release|x86.ActiveCfg = Release|Any CPU
		{05132B06-F325-4268-8DF2-CCAA829FD373}.Release|x86.Build.0 = Release|Any CPU
		{69E69DB5-4AF3-45EB-84D3-A19BD845560A}.Debug|Any CPU.ActiveCfg = Debug|Any CPU
		{69E69DB5-4AF3-45EB-84D3-A19BD845560A}.Debug|Any CPU.Build.0 = Debug|Any CPU
		{69E69DB5-4AF3-45EB-84D3-A19BD845560A}.Debug|x64.ActiveCfg = Debug|Any CPU
		{69E69DB5-4AF3-45EB-84D3-A19BD845560A}.Debug|x64.Build.0 = Debug|Any CPU
		{69E69DB5-4AF3-45EB-84D3-A19BD845560A}.Debug|x86.ActiveCfg = Debug|Any CPU
		{69E69DB5-4AF3-45EB-84D3-A19BD845560A}.Debug|x86.Build.0 = Debug|Any CPU
		{69E69DB5-4AF3-45EB-84D3-A19BD845560A}.Release|Any CPU.ActiveCfg = Release|Any CPU
		{69E69DB5-4AF3-45EB-84D3-A19BD845560A}.Release|Any CPU.Build.0 = Release|Any CPU
		{69E69DB5-4AF3-45EB-84D3-A19BD845560A}.Release|x64.ActiveCfg = Release|Any CPU
		{69E69DB5-4AF3-45EB-84D3-A19BD845560A}.Release|x64.Build.0 = Release|Any CPU
		{69E69DB5-4AF3-45EB-84D3-A19BD845560A}.Release|x86.ActiveCfg = Release|Any CPU
		{69E69DB5-4AF3-45EB-84D3-A19BD845560A}.Release|x86.Build.0 = Release|Any CPU
		{E0D927BD-CE7E-431C-90F5-78C68B183A26}.Debug|Any CPU.ActiveCfg = Debug|Any CPU
		{E0D927BD-CE7E-431C-90F5-78C68B183A26}.Debug|Any CPU.Build.0 = Debug|Any CPU
		{E0D927BD-CE7E-431C-90F5-78C68B183A26}.Debug|x64.ActiveCfg = Debug|Any CPU
		{E0D927BD-CE7E-431C-90F5-78C68B183A26}.Debug|x64.Build.0 = Debug|Any CPU
		{E0D927BD-CE7E-431C-90F5-78C68B183A26}.Debug|x86.ActiveCfg = Debug|Any CPU
		{E0D927BD-CE7E-431C-90F5-78C68B183A26}.Debug|x86.Build.0 = Debug|Any CPU
		{E0D927BD-CE7E-431C-90F5-78C68B183A26}.Release|Any CPU.ActiveCfg = Release|Any CPU
		{E0D927BD-CE7E-431C-90F5-78C68B183A26}.Release|Any CPU.Build.0 = Release|Any CPU
		{E0D927BD-CE7E-431C-90F5-78C68B183A26}.Release|x64.ActiveCfg = Release|Any CPU
		{E0D927BD-CE7E-431C-90F5-78C68B183A26}.Release|x64.Build.0 = Release|Any CPU
		{E0D927BD-CE7E-431C-90F5-78C68B183A26}.Release|x86.ActiveCfg = Release|Any CPU
		{E0D927BD-CE7E-431C-90F5-78C68B183A26}.Release|x86.Build.0 = Release|Any CPU
	EndGlobalSection
	GlobalSection(SolutionProperties) = preSolution
		HideSolutionNode = FALSE
	EndGlobalSection
	GlobalSection(NestedProjects) = preSolution
		{6460B2D9-C929-481C-915E-8F9CBA25F3E2} = {554DFE39-4C56-4AD2-85DC-EF9147785222}
		{99CDD1E3-292C-B07F-F209-22362247BADD} = {554DFE39-4C56-4AD2-85DC-EF9147785222}
		{554DFE39-4C56-4AD2-85DC-EF9147785222} = {02EA681E-C7D8-13C7-8484-4AC65E1B71E8}
		{897CC210-A9FE-4921-BF60-670728175EE6} = {02EA681E-C7D8-13C7-8484-4AC65E1B71E8}
		{05132B06-F325-4268-8DF2-CCAA829FD373} = {554DFE39-4C56-4AD2-85DC-EF9147785222}
		{E929BC66-6CE2-46C3-A0A5-44652EFC4ED0} = {897CC210-A9FE-4921-BF60-670728175EE6}
		{E8D6F731-F312-49F3-9F84-701D4605EE45} = {897CC210-A9FE-4921-BF60-670728175EE6}
		{69E69DB5-4AF3-45EB-84D3-A19BD845560A} = {E8D6F731-F312-49F3-9F84-701D4605EE45}
		{E0D927BD-CE7E-431C-90F5-78C68B183A26} = {E929BC66-6CE2-46C3-A0A5-44652EFC4ED0}
	EndGlobalSection
	GlobalSection(ExtensibilityGlobals) = postSolution
		SolutionGuid = {ABF2B059-0353-456E-8A8D-3F3154BCC31D}
	EndGlobalSection
EndGlobal
